{
  "originHash" : "dd28ce6f89b7d2c4fa4bb1a49968f9aeba9522e549dbb200afdd16e0020c315f",
  "pins" : [
    {
      "identity" : "appinfo",
      "kind" : "remoteSourceControl",
      "location" : "https://github.com/kevingreen22/AppInfo",
      "state" : {
        "revision" : "7c8810e42961addb7e6e1d5c55786d4c5164e4f9",
        "version" : "1.0.2"
      }
    },
    {
      "identity" : "kgtoolbelt",
      "kind" : "remoteSourceControl",
      "location" : "https://github.com/kevingreen22/KGToolbelt",
      "state" : {
        "revision" : "c41303e24eff2c7429bd5ef5569e8943ead8d965",
        "version" : "1.0.4"
      }
    },
    {
      "identity" : "kgviews",
      "kind" : "remoteSourceControl",
      "location" : "https://github.com/kevingreen22/KGViews",
      "state" : {
        "revision" : "20c2005034c1aa31171f202c15b474565d8abf70",
        "version" : "1.1.0"
      }
    }
  ],
  "version" : 3
}
