// !$*UTF8*$!
{
	archiveVersion = 1;
	classes = {
	};
	objectVersion = 56;
	objects = {

/* Begin PBXBuildFile section */
		C75850D72C6C27DC001C6A05 /* BootyDropApp.swift in Sources */ = {isa = PBXBuildFile; fileRef = C7CC62382C507A3E005D9F48 /* BootyDropApp.swift */; };
		C75850D82C6C27DC001C6A05 /* GameScene.swift in Sources */ = {isa = PBXBuildFile; fileRef = C7CC62462C508459005D9F48 /* GameScene.swift */; };
		C75850D92C6C27DC001C6A05 /* GameCenterManager.swift in Sources */ = {isa = PBXBuildFile; fileRef = C796E5632C6BE921002E0423 /* GameCenterManager.swift */; };
		C75850DA2C6C27DC001C6A05 /* ContentView.swift in Sources */ = {isa = PBXBuildFile; fileRef = C7CC623A2C507A3E005D9F48 /* ContentView.swift */; };
		C75850DB2C6C27DC001C6A05 /* LeaderboardView.swift in Sources */ = {isa = PBXBuildFile; fileRef = C796E5602C683868002E0423 /* LeaderboardView.swift */; };
		C75850DC2C6C27DC001C6A05 /* SettingView.swift in Sources */ = {isa = PBXBuildFile; fileRef = C78A55CB2C602F6700630C56 /* SettingView.swift */; };
		C75850DD2C6C27DC001C6A05 /* PaperScroll.swift in Sources */ = {isa = PBXBuildFile; fileRef = C7FB00412C66A47B00C8AC70 /* PaperScroll.swift */; };
		C75850DE2C6C27DC001C6A05 /* Image Extensions.swift in Sources */ = {isa = PBXBuildFile; fileRef = C7FB00432C66A71300C8AC70 /* Image Extensions.swift */; };
		C75850DF2C6C27DC001C6A05 /* CustomFonts.swift in Sources */ = {isa = PBXBuildFile; fileRef = C7EFD0F42C5433CE00B883B4 /* CustomFonts.swift */; };
		C75850E02C6C2836001C6A05 /* Shape.swift in Sources */ = {isa = PBXBuildFile; fileRef = C7CC62592C50BAC6005D9F48 /* Shape.swift */; };
		C7CC623D2C507A40005D9F48 /* Assets.xcassets in Resources */ = {isa = PBXBuildFile; fileRef = C7CC623C2C507A40005D9F48 /* Assets.xcassets */; };
		C7CC62402C507A40005D9F48 /* Preview Assets.xcassets in Resources */ = {isa = PBXBuildFile; fileRef = C7CC623F2C507A40005D9F48 /* Preview Assets.xcassets */; };
		C7DDA40A2C559E27005E6663 /* potion.png in Resources */ = {isa = PBXBuildFile; fileRef = C7DDA4012C559E25005E6663 /* potion.png */; };
		C7DDA40B2C559E27005E6663 /* skull.png in Resources */ = {isa = PBXBuildFile; fileRef = C7DDA4022C559E26005E6663 /* skull.png */; };
		C7DDA40C2C559E27005E6663 /* gem3.png in Resources */ = {isa = PBXBuildFile; fileRef = C7DDA4032C559E26005E6663 /* gem3.png */; };
		C7DDA40D2C559E27005E6663 /* coin.png in Resources */ = {isa = PBXBuildFile; fileRef = C7DDA4042C559E26005E6663 /* coin.png */; };
		C7DDA40E2C559E27005E6663 /* gem5.png in Resources */ = {isa = PBXBuildFile; fileRef = C7DDA4052C559E26005E6663 /* gem5.png */; };
		C7DDA40F2C559E27005E6663 /* gem2.png in Resources */ = {isa = PBXBuildFile; fileRef = C7DDA4062C559E26005E6663 /* gem2.png */; };
		C7DDA4102C559E27005E6663 /* diamond.png in Resources */ = {isa = PBXBuildFile; fileRef = C7DDA4072C559E27005E6663 /* diamond.png */; };
		C7DDA4112C559E27005E6663 /* nugget.png in Resources */ = {isa = PBXBuildFile; fileRef = C7DDA4082C559E27005E6663 /* nugget.png */; };
		C7DDA4122C559E27005E6663 /* gem4.png in Resources */ = {isa = PBXBuildFile; fileRef = C7DDA4092C559E27005E6663 /* gem4.png */; };
		C7DDA4142C559ED0005E6663 /* gem1.png in Resources */ = {isa = PBXBuildFile; fileRef = C7DDA4132C559ED0005E6663 /* gem1.png */; };
		C7EFD0DF2C51D5E000B883B4 /* background.jpg in Resources */ = {isa = PBXBuildFile; fileRef = C7EFD0DE2C51D5E000B883B4 /* background.jpg */; };
		C7EFD0F72C543A3300B883B4 /* TheRumIsGone.ttf in Resources */ = {isa = PBXBuildFile; fileRef = C7EFD0F22C54335100B883B4 /* TheRumIsGone.ttf */; };
		C7EFD0F92C5463FE00B883B4 /* sand.png in Resources */ = {isa = PBXBuildFile; fileRef = C7EFD0F82C5463FE00B883B4 /* sand.png */; };
		C7EFD0FB2C546D6200B883B4 /* trophy.png in Resources */ = {isa = PBXBuildFile; fileRef = C7EFD0FA2C546D6200B883B4 /* trophy.png */; };
		C7EFD0FE2C547F9B00B883B4 /* crownButton.png in Resources */ = {isa = PBXBuildFile; fileRef = C7EFD0FC2C547F9B00B883B4 /* crownButton.png */; };
		C7EFD0FF2C547F9B00B883B4 /* settingsButton.png in Resources */ = {isa = PBXBuildFile; fileRef = C7EFD0FD2C547F9B00B883B4 /* settingsButton.png */; };
		C7FB00382C642BDF00C8AC70 /* scroll_top.png in Resources */ = {isa = PBXBuildFile; fileRef = C7FB00352C642BDE00C8AC70 /* scroll_top.png */; };
		C7FB00392C642BDF00C8AC70 /* scroll_middle.png in Resources */ = {isa = PBXBuildFile; fileRef = C7FB00362C642BDF00C8AC70 /* scroll_middle.png */; };
		C7FB003A2C642BDF00C8AC70 /* scroll_bottom.png in Resources */ = {isa = PBXBuildFile; fileRef = C7FB00372C642BDF00C8AC70 /* scroll_bottom.png */; };
		C7FB735F2C6C117000DC4DBB /* finger_touch.sks in Resources */ = {isa = PBXBuildFile; fileRef = C7FB735C2C6C117000DC4DBB /* finger_touch.sks */; };
		C7FB73602C6C117000DC4DBB /* merge.sks in Resources */ = {isa = PBXBuildFile; fileRef = C7FB735D2C6C117000DC4DBB /* merge.sks */; };
		C7FB73612C6C117000DC4DBB /* ripple_ring.png in Resources */ = {isa = PBXBuildFile; fileRef = C7FB735E2C6C117000DC4DBB /* ripple_ring.png */; };
/* End PBXBuildFile section */

/* Begin PBXFileReference section */
		C78A55CB2C602F6700630C56 /* SettingView.swift */ = {isa = PBXFileReference; lastKnownFileType = sourcecode.swift; path = SettingView.swift; sourceTree = "<group>"; };
		C796E5602C683868002E0423 /* LeaderboardView.swift */ = {isa = PBXFileReference; lastKnownFileType = sourcecode.swift; path = LeaderboardView.swift; sourceTree = "<group>"; };
		C796E5622C6BE68E002E0423 /* BootyDrop.entitlements */ = {isa = PBXFileReference; lastKnownFileType = text.plist.entitlements; path = BootyDrop.entitlements; sourceTree = "<group>"; };
		C796E5632C6BE921002E0423 /* GameCenterManager.swift */ = {isa = PBXFileReference; lastKnownFileType = sourcecode.swift; path = GameCenterManager.swift; sourceTree = "<group>"; };
		C7CC62352C507A3E005D9F48 /* BootyDrop.app */ = {isa = PBXFileReference; explicitFileType = wrapper.application; includeInIndex = 0; path = BootyDrop.app; sourceTree = BUILT_PRODUCTS_DIR; };
		C7CC62382C507A3E005D9F48 /* BootyDropApp.swift */ = {isa = PBXFileReference; lastKnownFileType = sourcecode.swift; path = BootyDropApp.swift; sourceTree = "<group>"; };
		C7CC623A2C507A3E005D9F48 /* ContentView.swift */ = {isa = PBXFileReference; lastKnownFileType = sourcecode.swift; path = ContentView.swift; sourceTree = "<group>"; };
		C7CC623C2C507A40005D9F48 /* Assets.xcassets */ = {isa = PBXFileReference; lastKnownFileType = folder.assetcatalog; path = Assets.xcassets; sourceTree = "<group>"; };
		C7CC623F2C507A40005D9F48 /* Preview Assets.xcassets */ = {isa = PBXFileReference; lastKnownFileType = folder.assetcatalog; path = "Preview Assets.xcassets"; sourceTree = "<group>"; };
		C7CC62462C508459005D9F48 /* GameScene.swift */ = {isa = PBXFileReference; lastKnownFileType = sourcecode.swift; path = GameScene.swift; sourceTree = "<group>"; };
		C7CC62592C50BAC6005D9F48 /* Shape.swift */ = {isa = PBXFileReference; lastKnownFileType = sourcecode.swift; path = Shape.swift; sourceTree = "<group>"; };
		C7DDA4012C559E25005E6663 /* potion.png */ = {isa = PBXFileReference; lastKnownFileType = image.png; path = potion.png; sourceTree = "<group>"; };
		C7DDA4022C559E26005E6663 /* skull.png */ = {isa = PBXFileReference; lastKnownFileType = image.png; path = skull.png; sourceTree = "<group>"; };
		C7DDA4032C559E26005E6663 /* gem3.png */ = {isa = PBXFileReference; lastKnownFileType = image.png; path = gem3.png; sourceTree = "<group>"; };
		C7DDA4042C559E26005E6663 /* coin.png */ = {isa = PBXFileReference; lastKnownFileType = image.png; path = coin.png; sourceTree = "<group>"; };
		C7DDA4052C559E26005E6663 /* gem5.png */ = {isa = PBXFileReference; lastKnownFileType = image.png; path = gem5.png; sourceTree = "<group>"; };
		C7DDA4062C559E26005E6663 /* gem2.png */ = {isa = PBXFileReference; lastKnownFileType = image.png; path = gem2.png; sourceTree = "<group>"; };
		C7DDA4072C559E27005E6663 /* diamond.png */ = {isa = PBXFileReference; lastKnownFileType = image.png; path = diamond.png; sourceTree = "<group>"; };
		C7DDA4082C559E27005E6663 /* nugget.png */ = {isa = PBXFileReference; lastKnownFileType = image.png; path = nugget.png; sourceTree = "<group>"; };
		C7DDA4092C559E27005E6663 /* gem4.png */ = {isa = PBXFileReference; lastKnownFileType = image.png; path = gem4.png; sourceTree = "<group>"; };
		C7DDA4132C559ED0005E6663 /* gem1.png */ = {isa = PBXFileReference; lastKnownFileType = image.png; path = gem1.png; sourceTree = "<group>"; };
		C7EFD0DE2C51D5E000B883B4 /* background.jpg */ = {isa = PBXFileReference; lastKnownFileType = image.jpeg; path = background.jpg; sourceTree = "<group>"; };
		C7EFD0F22C54335100B883B4 /* TheRumIsGone.ttf */ = {isa = PBXFileReference; lastKnownFileType = file; path = TheRumIsGone.ttf; sourceTree = "<group>"; };
		C7EFD0F32C54338100B883B4 /* Info.plist */ = {isa = PBXFileReference; lastKnownFileType = text.plist; path = Info.plist; sourceTree = "<group>"; };
		C7EFD0F42C5433CE00B883B4 /* CustomFonts.swift */ = {isa = PBXFileReference; lastKnownFileType = sourcecode.swift; path = CustomFonts.swift; sourceTree = "<group>"; };
		C7EFD0F82C5463FE00B883B4 /* sand.png */ = {isa = PBXFileReference; lastKnownFileType = image.png; path = sand.png; sourceTree = "<group>"; };
		C7EFD0FA2C546D6200B883B4 /* trophy.png */ = {isa = PBXFileReference; lastKnownFileType = image.png; path = trophy.png; sourceTree = "<group>"; };
		C7EFD0FC2C547F9B00B883B4 /* crownButton.png */ = {isa = PBXFileReference; lastKnownFileType = image.png; path = crownButton.png; sourceTree = "<group>"; };
		C7EFD0FD2C547F9B00B883B4 /* settingsButton.png */ = {isa = PBXFileReference; lastKnownFileType = image.png; path = settingsButton.png; sourceTree = "<group>"; };
		C7FB00352C642BDE00C8AC70 /* scroll_top.png */ = {isa = PBXFileReference; lastKnownFileType = image.png; path = scroll_top.png; sourceTree = "<group>"; };
		C7FB00362C642BDF00C8AC70 /* scroll_middle.png */ = {isa = PBXFileReference; lastKnownFileType = image.png; path = scroll_middle.png; sourceTree = "<group>"; };
		C7FB00372C642BDF00C8AC70 /* scroll_bottom.png */ = {isa = PBXFileReference; lastKnownFileType = image.png; path = scroll_bottom.png; sourceTree = "<group>"; };
		C7FB00412C66A47B00C8AC70 /* PaperScroll.swift */ = {isa = PBXFileReference; lastKnownFileType = sourcecode.swift; path = PaperScroll.swift; sourceTree = "<group>"; };
		C7FB00432C66A71300C8AC70 /* Image Extensions.swift */ = {isa = PBXFileReference; lastKnownFileType = sourcecode.swift; path = "Image Extensions.swift"; sourceTree = "<group>"; };
		C7FB735C2C6C117000DC4DBB /* finger_touch.sks */ = {isa = PBXFileReference; lastKnownFileType = file.sks; path = finger_touch.sks; sourceTree = "<group>"; };
		C7FB735D2C6C117000DC4DBB /* merge.sks */ = {isa = PBXFileReference; lastKnownFileType = file.sks; path = merge.sks; sourceTree = "<group>"; };
		C7FB735E2C6C117000DC4DBB /* ripple_ring.png */ = {isa = PBXFileReference; lastKnownFileType = image.png; path = ripple_ring.png; sourceTree = "<group>"; };
/* End PBXFileReference section */

/* Begin PBXFrameworksBuildPhase section */
		C7CC62322C507A3E005D9F48 /* Frameworks */ = {
			isa = PBXFrameworksBuildPhase;
			buildActionMask = 2147483647;
			files = (
			);
			runOnlyForDeploymentPostprocessing = 0;
		};
/* End PBXFrameworksBuildPhase section */

/* Begin PBXGroup section */
		C78A55CA2C602CB100630C56 /* Images */ = {
			isa = PBXGroup;
			children = (
				C7EFD0DE2C51D5E000B883B4 /* background.jpg */,
				C7EFD0F82C5463FE00B883B4 /* sand.png */,
				C7EFD0FA2C546D6200B883B4 /* trophy.png */,
				C7FB00372C642BDF00C8AC70 /* scroll_bottom.png */,
				C7FB00362C642BDF00C8AC70 /* scroll_middle.png */,
				C7FB00352C642BDE00C8AC70 /* scroll_top.png */,
				C7EFD0FC2C547F9B00B883B4 /* crownButton.png */,
				C7EFD0FD2C547F9B00B883B4 /* settingsButton.png */,
				C7DDA4042C559E26005E6663 /* coin.png */,
				C7DDA4132C559ED0005E6663 /* gem1.png */,
				C7DDA4062C559E26005E6663 /* gem2.png */,
				C7DDA4032C559E26005E6663 /* gem3.png */,
				C7DDA4092C559E27005E6663 /* gem4.png */,
				C7DDA4052C559E26005E6663 /* gem5.png */,
				C7DDA4072C559E27005E6663 /* diamond.png */,
				C7DDA4082C559E27005E6663 /* nugget.png */,
				C7DDA4012C559E25005E6663 /* potion.png */,
				C7DDA4022C559E26005E6663 /* skull.png */,
			);
			path = Images;
			sourceTree = "<group>";
		};
		C7CC622C2C507A3E005D9F48 = {
			isa = PBXGroup;
			children = (
				C7CC62372C507A3E005D9F48 /* BootyDrop */,
				C7CC62362C507A3E005D9F48 /* Products */,
			);
			sourceTree = "<group>";
		};
		C7CC62362C507A3E005D9F48 /* Products */ = {
			isa = PBXGroup;
			children = (
				C7CC62352C507A3E005D9F48 /* BootyDrop.app */,
			);
			name = Products;
			sourceTree = "<group>";
		};
		C7CC62372C507A3E005D9F48 /* BootyDrop */ = {
			isa = PBXGroup;
			children = (
				C796E5622C6BE68E002E0423 /* BootyDrop.entitlements */,
				C7CC62382C507A3E005D9F48 /* BootyDropApp.swift */,
				C7CC62462C508459005D9F48 /* GameScene.swift */,
				C796E5632C6BE921002E0423 /* GameCenterManager.swift */,
				C7FB73592C6C10C500DC4DBB /* Views */,
				C7FB735B2C6C110F00DC4DBB /* Helper Files */,
				C7FB735A2C6C10F600DC4DBB /* Font */,
				C78A55CA2C602CB100630C56 /* Images */,
				C7CC623C2C507A40005D9F48 /* Assets.xcassets */,
				C7EFD0F32C54338100B883B4 /* Info.plist */,
				C7FB735C2C6C117000DC4DBB /* finger_touch.sks */,
				C7FB735D2C6C117000DC4DBB /* merge.sks */,
				C7FB735E2C6C117000DC4DBB /* ripple_ring.png */,
				C7CC623E2C507A40005D9F48 /* Preview Content */,
			);
			path = BootyDrop;
			sourceTree = "<group>";
		};
		C7CC623E2C507A40005D9F48 /* Preview Content */ = {
			isa = PBXGroup;
			children = (
				C7CC623F2C507A40005D9F48 /* Preview Assets.xcassets */,
			);
			path = "Preview Content";
			sourceTree = "<group>";
		};
		C7FB00452C66A73400C8AC70 /* Components */ = {
			isa = PBXGroup;
			children = (
				C7FB00412C66A47B00C8AC70 /* PaperScroll.swift */,
			);
			path = Components;
			sourceTree = "<group>";
		};
		C7FB73592C6C10C500DC4DBB /* Views */ = {
			isa = PBXGroup;
			children = (
				C7CC623A2C507A3E005D9F48 /* ContentView.swift */,
				C796E5602C683868002E0423 /* LeaderboardView.swift */,
				C78A55CB2C602F6700630C56 /* SettingView.swift */,
				C7FB00452C66A73400C8AC70 /* Components */,
			);
			path = Views;
			sourceTree = "<group>";
		};
		C7FB735A2C6C10F600DC4DBB /* Font */ = {
			isa = PBXGroup;
			children = (
				C7EFD0F22C54335100B883B4 /* TheRumIsGone.ttf */,
				C7EFD0F42C5433CE00B883B4 /* CustomFonts.swift */,
			);
			path = Font;
			sourceTree = "<group>";
		};
		C7FB735B2C6C110F00DC4DBB /* Helper Files */ = {
			isa = PBXGroup;
			children = (
				C7FB00432C66A71300C8AC70 /* Image Extensions.swift */,
				C7CC62592C50BAC6005D9F48 /* Shape.swift */,
			);
			path = "Helper Files";
			sourceTree = "<group>";
		};
/* End PBXGroup section */

/* Begin PBXNativeTarget section */
		C7CC62342C507A3E005D9F48 /* BootyDrop */ = {
			isa = PBXNativeTarget;
			buildConfigurationList = C7CC62432C507A40005D9F48 /* Build configuration list for PBXNativeTarget "BootyDrop" */;
			buildPhases = (
				C7CC62322C507A3E005D9F48 /* Frameworks */,
				C7CC62332C507A3E005D9F48 /* Resources */,
				C75850D62C6C27B9001C6A05 /* Sources */,
			);
			buildRules = (
			);
			dependencies = (
			);
			name = BootyDrop;
			packageProductDependencies = (
			);
			productName = BootyDrop;
			productReference = C7CC62352C507A3E005D9F48 /* BootyDrop.app */;
			productType = "com.apple.product-type.application";
		};
/* End PBXNativeTarget section */

/* Begin PBXProject section */
		C7CC622D2C507A3E005D9F48 /* Project object */ = {
			isa = PBXProject;
			attributes = {
				BuildIndependentTargetsInParallel = 1;
				LastSwiftUpdateCheck = 1540;
				LastUpgradeCheck = 1540;
				TargetAttributes = {
					C7CC62342C507A3E005D9F48 = {
						CreatedOnToolsVersion = 15.4;
					};
				};
			};
			buildConfigurationList = C7CC62302C507A3E005D9F48 /* Build configuration list for PBXProject "BootyDrop" */;
			compatibilityVersion = "Xcode 14.0";
			developmentRegion = en;
			hasScannedForEncodings = 0;
			knownRegions = (
				en,
				Base,
			);
			mainGroup = C7CC622C2C507A3E005D9F48;
			packageReferences = (
			);
			productRefGroup = C7CC62362C507A3E005D9F48 /* Products */;
			projectDirPath = "";
			projectRoot = "";
			targets = (
				C7CC62342C507A3E005D9F48 /* BootyDrop */,
			);
		};
/* End PBXProject section */

/* Begin PBXResourcesBuildPhase section */
		C7CC62332C507A3E005D9F48 /* Resources */ = {
			isa = PBXResourcesBuildPhase;
			buildActionMask = 2147483647;
			files = (
				C7CC62402C507A40005D9F48 /* Preview Assets.xcassets in Resources */,
				C7DDA40A2C559E27005E6663 /* potion.png in Resources */,
				C7FB00382C642BDF00C8AC70 /* scroll_top.png in Resources */,
				C7DDA4112C559E27005E6663 /* nugget.png in Resources */,
				C7DDA40F2C559E27005E6663 /* gem2.png in Resources */,
				C7FB73612C6C117000DC4DBB /* ripple_ring.png in Resources */,
				C7EFD0FB2C546D6200B883B4 /* trophy.png in Resources */,
				C7EFD0FF2C547F9B00B883B4 /* settingsButton.png in Resources */,
				C7DDA40D2C559E27005E6663 /* coin.png in Resources */,
				C7FB735F2C6C117000DC4DBB /* finger_touch.sks in Resources */,
				C7DDA4142C559ED0005E6663 /* gem1.png in Resources */,
				C7EFD0F72C543A3300B883B4 /* TheRumIsGone.ttf in Resources */,
				C7EFD0FE2C547F9B00B883B4 /* crownButton.png in Resources */,
				C7DDA4102C559E27005E6663 /* diamond.png in Resources */,
				C7DDA4122C559E27005E6663 /* gem4.png in Resources */,
				C7CC623D2C507A40005D9F48 /* Assets.xcassets in Resources */,
				C7DDA40C2C559E27005E6663 /* gem3.png in Resources */,
				C7DDA40B2C559E27005E6663 /* skull.png in Resources */,
				C7EFD0F92C5463FE00B883B4 /* sand.png in Resources */,
				C7FB00392C642BDF00C8AC70 /* scroll_middle.png in Resources */,
				C7FB003A2C642BDF00C8AC70 /* scroll_bottom.png in Resources */,
				C7EFD0DF2C51D5E000B883B4 /* background.jpg in Resources */,
				C7FB73602C6C117000DC4DBB /* merge.sks in Resources */,
				C7DDA40E2C559E27005E6663 /* gem5.png in Resources */,
			);
			runOnlyForDeploymentPostprocessing = 0;
		};
/* End PBXResourcesBuildPhase section */

/* Begin PBXSourcesBuildPhase section */
		C75850D62C6C27B9001C6A05 /* Sources */ = {
			isa = PBXSourcesBuildPhase;
			buildActionMask = 2147483647;
			files = (
				C75850E02C6C2836001C6A05 /* Shape.swift in Sources */,
				C75850D72C6C27DC001C6A05 /* BootyDropApp.swift in Sources */,
				C75850D82C6C27DC001C6A05 /* GameScene.swift in Sources */,
				C75850D92C6C27DC001C6A05 /* GameCenterManager.swift in Sources */,
				C75850DA2C6C27DC001C6A05 /* ContentView.swift in Sources */,
				C75850DB2C6C27DC001C6A05 /* LeaderboardView.swift in Sources */,
				C75850DC2C6C27DC001C6A05 /* SettingView.swift in Sources */,
				C75850DD2C6C27DC001C6A05 /* PaperScroll.swift in Sources */,
				C75850DE2C6C27DC001C6A05 /* Image Extensions.swift in Sources */,
				C75850DF2C6C27DC001C6A05 /* CustomFonts.swift in Sources */,
			);
			runOnlyForDeploymentPostprocessing = 0;
		};
/* End PBXSourcesBuildPhase section */

/* Begin XCBuildConfiguration section */
		C7CC62412C507A40005D9F48 /* Debug */ = {
			isa = XCBuildConfiguration;
			buildSettings = {
				ALWAYS_SEARCH_USER_PATHS = NO;
				ASSETCATALOG_COMPILER_GENERATE_SWIFT_ASSET_SYMBOL_EXTENSIONS = YES;
				CLANG_ANALYZER_NONNULL = YES;
				CLANG_ANALYZER_NUMBER_OBJECT_CONVERSION = YES_AGGRESSIVE;
				CLANG_CXX_LANGUAGE_STANDARD = "gnu++20";
				CLANG_ENABLE_MODULES = YES;
				CLANG_ENABLE_OBJC_ARC = YES;
				CLANG_ENABLE_OBJC_WEAK = YES;
				CLANG_WARN_BLOCK_CAPTURE_AUTORELEASING = YES;
				CLANG_WARN_BOOL_CONVERSION = YES;
				CLANG_WARN_COMMA = YES;
				CLANG_WARN_CONSTANT_CONVERSION = YES;
				CLANG_WARN_DEPRECATED_OBJC_IMPLEMENTATIONS = YES;
				CLANG_WARN_DIRECT_OBJC_ISA_USAGE = YES_ERROR;
				CLANG_WARN_DOCUMENTATION_COMMENTS = YES;
				CLANG_WARN_EMPTY_BODY = YES;
				CLANG_WARN_ENUM_CONVERSION = YES;
				CLANG_WARN_INFINITE_RECURSION = YES;
				CLANG_WARN_INT_CONVERSION = YES;
				CLANG_WARN_NON_LITERAL_NULL_CONVERSION = YES;
				CLANG_WARN_OBJC_IMPLICIT_RETAIN_SELF = YES;
				CLANG_WARN_OBJC_LITERAL_CONVERSION = YES;
				CLANG_WARN_OBJC_ROOT_CLASS = YES_ERROR;
				CLANG_WARN_QUOTED_INCLUDE_IN_FRAMEWORK_HEADER = YES;
				CLANG_WARN_RANGE_LOOP_ANALYSIS = YES;
				CLANG_WARN_STRICT_PROTOTYPES = YES;
				CLANG_WARN_SUSPICIOUS_MOVE = YES;
				CLANG_WARN_UNGUARDED_AVAILABILITY = YES_AGGRESSIVE;
				CLANG_WARN_UNREACHABLE_CODE = YES;
				CLANG_WARN__DUPLICATE_METHOD_MATCH = YES;
				COPY_PHASE_STRIP = NO;
				DEBUG_INFORMATION_FORMAT = dwarf;
				ENABLE_STRICT_OBJC_MSGSEND = YES;
				ENABLE_TESTABILITY = YES;
				ENABLE_USER_SCRIPT_SANDBOXING = YES;
				GCC_C_LANGUAGE_STANDARD = gnu17;
				GCC_DYNAMIC_NO_PIC = NO;
				GCC_NO_COMMON_BLOCKS = YES;
				GCC_OPTIMIZATION_LEVEL = 0;
				GCC_PREPROCESSOR_DEFINITIONS = (
					"DEBUG=1",
					"$(inherited)",
				);
				GCC_WARN_64_TO_32_BIT_CONVERSION = YES;
				GCC_WARN_ABOUT_RETURN_TYPE = YES_ERROR;
				GCC_WARN_UNDECLARED_SELECTOR = YES;
				GCC_WARN_UNINITIALIZED_AUTOS = YES_AGGRESSIVE;
				GCC_WARN_UNUSED_FUNCTION = YES;
				GCC_WARN_UNUSED_VARIABLE = YES;
				IPHONEOS_DEPLOYMENT_TARGET = 17.5;
				LOCALIZATION_PREFERS_STRING_CATALOGS = YES;
				MTL_ENABLE_DEBUG_INFO = INCLUDE_SOURCE;
				MTL_FAST_MATH = YES;
				ONLY_ACTIVE_ARCH = YES;
				SDKROOT = iphoneos;
				SWIFT_ACTIVE_COMPILATION_CONDITIONS = "DEBUG $(inherited)";
				SWIFT_OPTIMIZATION_LEVEL = "-Onone";
			};
			name = Debug;
		};
		C7CC62422C507A40005D9F48 /* Release */ = {
			isa = XCBuildConfiguration;
			buildSettings = {
				ALWAYS_SEARCH_USER_PATHS = NO;
				ASSETCATALOG_COMPILER_GENERATE_SWIFT_ASSET_SYMBOL_EXTENSIONS = YES;
				CLANG_ANALYZER_NONNULL = YES;
				CLANG_ANALYZER_NUMBER_OBJECT_CONVERSION = YES_AGGRESSIVE;
				CLANG_CXX_LANGUAGE_STANDARD = "gnu++20";
				CLANG_ENABLE_MODULES = YES;
				CLANG_ENABLE_OBJC_ARC = YES;
				CLANG_ENABLE_OBJC_WEAK = YES;
				CLANG_WARN_BLOCK_CAPTURE_AUTORELEASING = YES;
				CLANG_WARN_BOOL_CONVERSION = YES;
				CLANG_WARN_COMMA = YES;
				CLANG_WARN_CONSTANT_CONVERSION = YES;
				CLANG_WARN_DEPRECATED_OBJC_IMPLEMENTATIONS = YES;
				CLANG_WARN_DIRECT_OBJC_ISA_USAGE = YES_ERROR;
				CLANG_WARN_DOCUMENTATION_COMMENTS = YES;
				CLANG_WARN_EMPTY_BODY = YES;
				CLANG_WARN_ENUM_CONVERSION = YES;
				CLANG_WARN_INFINITE_RECURSION = YES;
				CLANG_WARN_INT_CONVERSION = YES;
				CLANG_WARN_NON_LITERAL_NULL_CONVERSION = YES;
				CLANG_WARN_OBJC_IMPLICIT_RETAIN_SELF = YES;
				CLANG_WARN_OBJC_LITERAL_CONVERSION = YES;
				CLANG_WARN_OBJC_ROOT_CLASS = YES_ERROR;
				CLANG_WARN_QUOTED_INCLUDE_IN_FRAMEWORK_HEADER = YES;
				CLANG_WARN_RANGE_LOOP_ANALYSIS = YES;
				CLANG_WARN_STRICT_PROTOTYPES = YES;
				CLANG_WARN_SUSPICIOUS_MOVE = YES;
				CLANG_WARN_UNGUARDED_AVAILABILITY = YES_AGGRESSIVE;
				CLANG_WARN_UNREACHABLE_CODE = YES;
				CLANG_WARN__DUPLICATE_METHOD_MATCH = YES;
				COPY_PHASE_STRIP = NO;
				DEBUG_INFORMATION_FORMAT = "dwarf-with-dsym";
				ENABLE_NS_ASSERTIONS = NO;
				ENABLE_STRICT_OBJC_MSGSEND = YES;
				ENABLE_USER_SCRIPT_SANDBOXING = YES;
				GCC_C_LANGUAGE_STANDARD = gnu17;
				GCC_NO_COMMON_BLOCKS = YES;
				GCC_WARN_64_TO_32_BIT_CONVERSION = YES;
				GCC_WARN_ABOUT_RETURN_TYPE = YES_ERROR;
				GCC_WARN_UNDECLARED_SELECTOR = YES;
				GCC_WARN_UNINITIALIZED_AUTOS = YES_AGGRESSIVE;
				GCC_WARN_UNUSED_FUNCTION = YES;
				GCC_WARN_UNUSED_VARIABLE = YES;
				IPHONEOS_DEPLOYMENT_TARGET = 17.5;
				LOCALIZATION_PREFERS_STRING_CATALOGS = YES;
				MTL_ENABLE_DEBUG_INFO = NO;
				MTL_FAST_MATH = YES;
				SDKROOT = iphoneos;
				SWIFT_COMPILATION_MODE = wholemodule;
				VALIDATE_PRODUCT = YES;
			};
			name = Release;
		};
		C7CC62442C507A40005D9F48 /* Debug */ = {
			isa = XCBuildConfiguration;
			buildSettings = {
				ASSETCATALOG_COMPILER_APPICON_NAME = AppIcon;
				ASSETCATALOG_COMPILER_GLOBAL_ACCENT_COLOR_NAME = AccentColor;
				CODE_SIGN_ENTITLEMENTS = BootyDrop/BootyDrop.entitlements;
				CODE_SIGN_STYLE = Automatic;
				CURRENT_PROJECT_VERSION = 1;
				DEVELOPMENT_ASSET_PATHS = "\"BootyDrop/Preview Content\"";
				DEVELOPMENT_TEAM = KY6DPH5Y6J;
				ENABLE_PREVIEWS = YES;
				GENERATE_INFOPLIST_FILE = YES;
				INFOPLIST_FILE = BootyDrop/Info.plist;
				INFOPLIST_KEY_UIApplicationSceneManifest_Generation = YES;
				INFOPLIST_KEY_UIApplicationSupportsIndirectInputEvents = YES;
				INFOPLIST_KEY_UILaunchScreen_Generation = YES;
				INFOPLIST_KEY_UISupportedInterfaceOrientations_iPad = "UIInterfaceOrientationPortrait UIInterfaceOrientationPortraitUpsideDown UIInterfaceOrientationLandscapeLeft UIInterfaceOrientationLandscapeRight";
				INFOPLIST_KEY_UISupportedInterfaceOrientations_iPhone = "UIInterfaceOrientationPortrait UIInterfaceOrientationLandscapeLeft UIInterfaceOrientationLandscapeRight";
				LD_RUNPATH_SEARCH_PATHS = (
					"$(inherited)",
					"@executable_path/Frameworks",
				);
				MARKETING_VERSION = 1.0;
				PRODUCT_BUNDLE_IDENTIFIER = com.kevinGreen.BootyDrop;
				PRODUCT_NAME = "$(TARGET_NAME)";
				SWIFT_EMIT_LOC_STRINGS = YES;
				SWIFT_VERSION = 5.0;
				TARGETED_DEVICE_FAMILY = "1,2";
			};
			name = Debug;
		};
		C7CC62452C507A40005D9F48 /* Release */ = {
			isa = XCBuildConfiguration;
			buildSettings = {
				ASSETCATALOG_COMPILER_APPICON_NAME = AppIcon;
				ASSETCATALOG_COMPILER_GLOBAL_ACCENT_COLOR_NAME = AccentColor;
				CODE_SIGN_ENTITLEMENTS = BootyDrop/BootyDrop.entitlements;
				CODE_SIGN_STYLE = Automatic;
				CURRENT_PROJECT_VERSION = 1;
				DEVELOPMENT_ASSET_PATHS = "\"BootyDrop/Preview Content\"";
				DEVELOPMENT_TEAM = KY6DPH5Y6J;
				ENABLE_PREVIEWS = YES;
				GENERATE_INFOPLIST_FILE = YES;
				INFOPLIST_FILE = BootyDrop/Info.plist;
				INFOPLIST_KEY_UIApplicationSceneManifest_Generation = YES;
				INFOPLIST_KEY_UIApplicationSupportsIndirectInputEvents = YES;
				INFOPLIST_KEY_UILaunchScreen_Generation = YES;
				INFOPLIST_KEY_UISupportedInterfaceOrientations_iPad = "UIInterfaceOrientationPortrait UIInterfaceOrientationPortraitUpsideDown UIInterfaceOrientationLandscapeLeft UIInterfaceOrientationLandscapeRight";
				INFOPLIST_KEY_UISupportedInterfaceOrientations_iPhone = "UIInterfaceOrientationPortrait UIInterfaceOrientationLandscapeLeft UIInterfaceOrientationLandscapeRight";
				LD_RUNPATH_SEARCH_PATHS = (
					"$(inherited)",
					"@executable_path/Frameworks",
				);
				MARKETING_VERSION = 1.0;
				PRODUCT_BUNDLE_IDENTIFIER = com.kevinGreen.BootyDrop;
				PRODUCT_NAME = "$(TARGET_NAME)";
				SWIFT_EMIT_LOC_STRINGS = YES;
				SWIFT_VERSION = 5.0;
				TARGETED_DEVICE_FAMILY = "1,2";
			};
			name = Release;
		};
/* End XCBuildConfiguration section */

/* Begin XCConfigurationList section */
		C7CC62302C507A3E005D9F48 /* Build configuration list for PBXProject "BootyDrop" */ = {
			isa = XCConfigurationList;
			buildConfigurations = (
				C7CC62412C507A40005D9F48 /* Debug */,
				C7CC62422C507A40005D9F48 /* Release */,
			);
			defaultConfigurationIsVisible = 0;
			defaultConfigurationName = Release;
		};
		C7CC62432C507A40005D9F48 /* Build configuration list for PBXNativeTarget "BootyDrop" */ = {
			isa = XCConfigurationList;
			buildConfigurations = (
				C7CC62442C507A40005D9F48 /* Debug */,
				C7CC62452C507A40005D9F48 /* Release */,
			);
			defaultConfigurationIsVisible = 0;
			defaultConfigurationName = Release;
		};
/* End XCConfigurationList section */
	};
	rootObject = C7CC622D2C507A3E005D9F48 /* Project object */;
}
