// !$*UTF8*$!
{
	archiveVersion = 1;
	classes = {
	};
	objectVersion = 56;
	objects = {

/* Begin PBXBuildFile section */
		C729AA252CA60FD50083557C /* welcome_music_effects.mp3 in Resources */ = {isa = PBXBuildFile; fileRef = C729AA242CA60FD50083557C /* welcome_music_effects.mp3 */; };
		C729AA262CA60FD50083557C /* sound_effect_merge.mp3 in Resources */ = {isa = PBXBuildFile; fileRef = C729AA232CA60FD50083557C /* sound_effect_merge.mp3 */; };
		C729AA2A2CA737E60083557C /* WelcomeView.swift in Sources */ = {isa = PBXBuildFile; fileRef = C729AA292CA737E60083557C /* WelcomeView.swift */; };
		C753C0BB2CA485F700B4F1A7 /* TODOs.swift in Sources */ = {isa = PBXBuildFile; fileRef = C753C0BA2CA485F100B4F1A7 /* TODOs.swift */; };
		C753C0BF2CA4BCD000B4F1A7 /* WindowSceneEnvironment.swift in Sources */ = {isa = PBXBuildFile; fileRef = C753C0BE2CA4BCD000B4F1A7 /* WindowSceneEnvironment.swift */; };
		C753C0C22CA4C10B00B4F1A7 /* DropObjectNode.swift in Sources */ = {isa = PBXBuildFile; fileRef = C753C0C12CA4C10B00B4F1A7 /* DropObjectNode.swift */; };
		C753C0C52CA4CFFE00B4F1A7 /* AppInfo in Frameworks */ = {isa = PBXBuildFile; productRef = C753C0C42CA4CFFE00B4F1A7 /* AppInfo */; };
		C75850D72C6C27DC001C6A05 /* BootyDropApp.swift in Sources */ = {isa = PBXBuildFile; fileRef = C7CC62382C507A3E005D9F48 /* BootyDropApp.swift */; };
		C75850D82C6C27DC001C6A05 /* GameScene.swift in Sources */ = {isa = PBXBuildFile; fileRef = C7CC62462C508459005D9F48 /* GameScene.swift */; };
		C75850D92C6C27DC001C6A05 /* GameCenterManager.swift in Sources */ = {isa = PBXBuildFile; fileRef = C796E5632C6BE921002E0423 /* GameCenterManager.swift */; };
		C75850DA2C6C27DC001C6A05 /* GameView.swift in Sources */ = {isa = PBXBuildFile; fileRef = C7CC623A2C507A3E005D9F48 /* GameView.swift */; };
		C75850DB2C6C27DC001C6A05 /* RankingsView.swift in Sources */ = {isa = PBXBuildFile; fileRef = C796E5602C683868002E0423 /* RankingsView.swift */; };
		C75850DC2C6C27DC001C6A05 /* SettingView.swift in Sources */ = {isa = PBXBuildFile; fileRef = C78A55CB2C602F6700630C56 /* SettingView.swift */; };
		C75850DD2C6C27DC001C6A05 /* PaperScroll.swift in Sources */ = {isa = PBXBuildFile; fileRef = C7FB00412C66A47B00C8AC70 /* PaperScroll.swift */; };
		C75850DE2C6C27DC001C6A05 /* Extensions.swift in Sources */ = {isa = PBXBuildFile; fileRef = C7FB00432C66A71300C8AC70 /* Extensions.swift */; };
		C75850DF2C6C27DC001C6A05 /* CustomFonts.swift in Sources */ = {isa = PBXBuildFile; fileRef = C7EFD0F42C5433CE00B883B4 /* CustomFonts.swift */; };
		C75850E02C6C2836001C6A05 /* Shape.swift in Sources */ = {isa = PBXBuildFile; fileRef = C7CC62592C50BAC6005D9F48 /* Shape.swift */; };
		C76F5B392C6FC63400F42E90 /* KGToolbelt in Frameworks */ = {isa = PBXBuildFile; productRef = C76F5B382C6FC63400F42E90 /* KGToolbelt */; };
		C76F5B3C2C6FC65100F42E90 /* KGViews in Frameworks */ = {isa = PBXBuildFile; productRef = C76F5B3B2C6FC65100F42E90 /* KGViews */; };
		C7CC623D2C507A40005D9F48 /* Assets.xcassets in Resources */ = {isa = PBXBuildFile; fileRef = C7CC623C2C507A40005D9F48 /* Assets.xcassets */; };
		C7CC62402C507A40005D9F48 /* Preview Assets.xcassets in Resources */ = {isa = PBXBuildFile; fileRef = C7CC623F2C507A40005D9F48 /* Preview Assets.xcassets */; };
		C7CF22B32CD3F64100DA22C5 /* theme_song.mp3 in Resources */ = {isa = PBXBuildFile; fileRef = C7CF22B22CD3F64100DA22C5 /* theme_song.mp3 */; };
		C7D24EBA2C9CBD7B0006B9EF /* sound_effect_drop.mp3 in Resources */ = {isa = PBXBuildFile; fileRef = C7D24EB92C9CBD7B0006B9EF /* sound_effect_drop.mp3 */; };
		C7D24EBC2C9CC28A0006B9EF /* button_click.mp3 in Resources */ = {isa = PBXBuildFile; fileRef = C7D24EBB2C9CC28A0006B9EF /* button_click.mp3 */; };
		C7D24EBE2C9CF93D0006B9EF /* background.jpg in Resources */ = {isa = PBXBuildFile; fileRef = C7D24EBD2C9CF93D0006B9EF /* background.jpg */; };
		C7D24EC22C9E03020006B9EF /* Random Helper functions.swift in Sources */ = {isa = PBXBuildFile; fileRef = C7D24EC12C9E03020006B9EF /* Random Helper functions.swift */; };
		C7DDA40A2C559E27005E6663 /* potion.png in Resources */ = {isa = PBXBuildFile; fileRef = C7DDA4012C559E25005E6663 /* potion.png */; };
		C7DDA40B2C559E27005E6663 /* skull.png in Resources */ = {isa = PBXBuildFile; fileRef = C7DDA4022C559E26005E6663 /* skull.png */; };
		C7DDA40C2C559E27005E6663 /* gem3.png in Resources */ = {isa = PBXBuildFile; fileRef = C7DDA4032C559E26005E6663 /* gem3.png */; };
		C7DDA40D2C559E27005E6663 /* coin.png in Resources */ = {isa = PBXBuildFile; fileRef = C7DDA4042C559E26005E6663 /* coin.png */; };
		C7DDA40E2C559E27005E6663 /* gem5.png in Resources */ = {isa = PBXBuildFile; fileRef = C7DDA4052C559E26005E6663 /* gem5.png */; };
		C7DDA40F2C559E27005E6663 /* gem2.png in Resources */ = {isa = PBXBuildFile; fileRef = C7DDA4062C559E26005E6663 /* gem2.png */; };
		C7DDA4102C559E27005E6663 /* diamond.png in Resources */ = {isa = PBXBuildFile; fileRef = C7DDA4072C559E27005E6663 /* diamond.png */; };
		C7DDA4112C559E27005E6663 /* nugget.png in Resources */ = {isa = PBXBuildFile; fileRef = C7DDA4082C559E27005E6663 /* nugget.png */; };
		C7DDA4122C559E27005E6663 /* gem4.png in Resources */ = {isa = PBXBuildFile; fileRef = C7DDA4092C559E27005E6663 /* gem4.png */; };
		C7DDA4142C559ED0005E6663 /* gem1.png in Resources */ = {isa = PBXBuildFile; fileRef = C7DDA4132C559ED0005E6663 /* gem1.png */; };
		C7EFD0DF2C51D5E000B883B4 /* backgroundORIG.jpg in Resources */ = {isa = PBXBuildFile; fileRef = C7EFD0DE2C51D5E000B883B4 /* backgroundORIG.jpg */; };
		C7EFD0F72C543A3300B883B4 /* TheRumIsGone.ttf in Resources */ = {isa = PBXBuildFile; fileRef = C7EFD0F22C54335100B883B4 /* TheRumIsGone.ttf */; };
		C7EFD0F92C5463FE00B883B4 /* sand.png in Resources */ = {isa = PBXBuildFile; fileRef = C7EFD0F82C5463FE00B883B4 /* sand.png */; };
		C7EFD0FB2C546D6200B883B4 /* trophy.png in Resources */ = {isa = PBXBuildFile; fileRef = C7EFD0FA2C546D6200B883B4 /* trophy.png */; };
		C7F1BA9F2C767C19005CC0A4 /* sound_button.png in Resources */ = {isa = PBXBuildFile; fileRef = C7F1BA9A2C767C18005CC0A4 /* sound_button.png */; };
		C7F1BAA02C767C19005CC0A4 /* settings_button.png in Resources */ = {isa = PBXBuildFile; fileRef = C7F1BA9B2C767C19005CC0A4 /* settings_button.png */; };
		C7F1BAA12C767C19005CC0A4 /* rankings_button.png in Resources */ = {isa = PBXBuildFile; fileRef = C7F1BA9C2C767C19005CC0A4 /* rankings_button.png */; };
		C7F1BAA22C767C19005CC0A4 /* music_button.png in Resources */ = {isa = PBXBuildFile; fileRef = C7F1BA9D2C767C19005CC0A4 /* music_button.png */; };
		C7F1BAA32C767C19005CC0A4 /* vibrate_button.png in Resources */ = {isa = PBXBuildFile; fileRef = C7F1BA9E2C767C19005CC0A4 /* vibrate_button.png */; };
		C7F1BAA52C76A28D005CC0A4 /* AppStorageKey.swift in Sources */ = {isa = PBXBuildFile; fileRef = C7F1BAA42C76A28D005CC0A4 /* AppStorageKey.swift */; };
		C7F1BAA72C76AC39005CC0A4 /* SoundManager.swift in Sources */ = {isa = PBXBuildFile; fileRef = C7F1BAA62C76AC39005CC0A4 /* SoundManager.swift */; };
		C7F1BAA92C76AFCB005CC0A4 /* HapticsManager.swift in Sources */ = {isa = PBXBuildFile; fileRef = C7F1BAA82C76AFCB005CC0A4 /* HapticsManager.swift */; };
		C7F512EE2C6E7E96003315FF /* GameoverView.swift in Sources */ = {isa = PBXBuildFile; fileRef = C7F512ED2C6E7E96003315FF /* GameoverView.swift */; };
		C7F512F22C6E9FB7003315FF /* ButtonsAndMore.swift in Sources */ = {isa = PBXBuildFile; fileRef = C7F512F12C6E9FB7003315FF /* ButtonsAndMore.swift */; };
		C7FB00382C642BDF00C8AC70 /* scroll_top.png in Resources */ = {isa = PBXBuildFile; fileRef = C7FB00352C642BDE00C8AC70 /* scroll_top.png */; };
		C7FB00392C642BDF00C8AC70 /* scroll_middle.png in Resources */ = {isa = PBXBuildFile; fileRef = C7FB00362C642BDF00C8AC70 /* scroll_middle.png */; };
		C7FB003A2C642BDF00C8AC70 /* scroll_bottom.png in Resources */ = {isa = PBXBuildFile; fileRef = C7FB00372C642BDF00C8AC70 /* scroll_bottom.png */; };
		C7FB735F2C6C117000DC4DBB /* finger_touch.sks in Resources */ = {isa = PBXBuildFile; fileRef = C7FB735C2C6C117000DC4DBB /* finger_touch.sks */; };
		C7FB73602C6C117000DC4DBB /* merge.sks in Resources */ = {isa = PBXBuildFile; fileRef = C7FB735D2C6C117000DC4DBB /* merge.sks */; };
		C7FB73612C6C117000DC4DBB /* ripple_ring.png in Resources */ = {isa = PBXBuildFile; fileRef = C7FB735E2C6C117000DC4DBB /* ripple_ring.png */; };
/* End PBXBuildFile section */

/* Begin PBXFileReference section */
		C729AA232CA60FD50083557C /* sound_effect_merge.mp3 */ = {isa = PBXFileReference; lastKnownFileType = audio.mp3; path = sound_effect_merge.mp3; sourceTree = "<group>"; };
		C729AA242CA60FD50083557C /* welcome_music_effects.mp3 */ = {isa = PBXFileReference; lastKnownFileType = audio.mp3; path = welcome_music_effects.mp3; sourceTree = "<group>"; };
		C729AA292CA737E60083557C /* WelcomeView.swift */ = {isa = PBXFileReference; lastKnownFileType = sourcecode.swift; path = WelcomeView.swift; sourceTree = "<group>"; };
		C753C0BA2CA485F100B4F1A7 /* TODOs.swift */ = {isa = PBXFileReference; lastKnownFileType = sourcecode.swift; path = TODOs.swift; sourceTree = "<group>"; };
		C753C0BE2CA4BCD000B4F1A7 /* WindowSceneEnvironment.swift */ = {isa = PBXFileReference; lastKnownFileType = sourcecode.swift; path = WindowSceneEnvironment.swift; sourceTree = "<group>"; };
		C753C0C12CA4C10B00B4F1A7 /* DropObjectNode.swift */ = {isa = PBXFileReference; lastKnownFileType = sourcecode.swift; path = DropObjectNode.swift; sourceTree = "<group>"; };
		C78A55CB2C602F6700630C56 /* SettingView.swift */ = {isa = PBXFileReference; lastKnownFileType = sourcecode.swift; path = SettingView.swift; sourceTree = "<group>"; };
		C796E5602C683868002E0423 /* RankingsView.swift */ = {isa = PBXFileReference; lastKnownFileType = sourcecode.swift; path = RankingsView.swift; sourceTree = "<group>"; };
		C796E5622C6BE68E002E0423 /* BootyDrop.entitlements */ = {isa = PBXFileReference; lastKnownFileType = text.plist.entitlements; path = BootyDrop.entitlements; sourceTree = "<group>"; };
		C796E5632C6BE921002E0423 /* GameCenterManager.swift */ = {isa = PBXFileReference; lastKnownFileType = sourcecode.swift; path = GameCenterManager.swift; sourceTree = "<group>"; };
		C7CC62352C507A3E005D9F48 /* BootyDrop.app */ = {isa = PBXFileReference; explicitFileType = wrapper.application; includeInIndex = 0; path = BootyDrop.app; sourceTree = BUILT_PRODUCTS_DIR; };
		C7CC62382C507A3E005D9F48 /* BootyDropApp.swift */ = {isa = PBXFileReference; lastKnownFileType = sourcecode.swift; path = BootyDropApp.swift; sourceTree = "<group>"; };
		C7CC623A2C507A3E005D9F48 /* GameView.swift */ = {isa = PBXFileReference; lastKnownFileType = sourcecode.swift; path = GameView.swift; sourceTree = "<group>"; };
		C7CC623C2C507A40005D9F48 /* Assets.xcassets */ = {isa = PBXFileReference; lastKnownFileType = folder.assetcatalog; path = Assets.xcassets; sourceTree = "<group>"; };
		C7CC623F2C507A40005D9F48 /* Preview Assets.xcassets */ = {isa = PBXFileReference; lastKnownFileType = folder.assetcatalog; path = "Preview Assets.xcassets"; sourceTree = "<group>"; };
		C7CC62462C508459005D9F48 /* GameScene.swift */ = {isa = PBXFileReference; lastKnownFileType = sourcecode.swift; path = GameScene.swift; sourceTree = "<group>"; };
		C7CC62592C50BAC6005D9F48 /* Shape.swift */ = {isa = PBXFileReference; lastKnownFileType = sourcecode.swift; path = Shape.swift; sourceTree = "<group>"; };
		C7CF22B22CD3F64100DA22C5 /* theme_song.mp3 */ = {isa = PBXFileReference; lastKnownFileType = audio.mp3; path = theme_song.mp3; sourceTree = "<group>"; };
		C7D24EB72C9B51690006B9EF /* theme_song.mp3 */ = {isa = PBXFileReference; lastKnownFileType = audio.mp3; path = theme_song.mp3; sourceTree = "<group>"; };
		C7D24EB92C9CBD7B0006B9EF /* sound_effect_drop.mp3 */ = {isa = PBXFileReference; lastKnownFileType = audio.mp3; path = sound_effect_drop.mp3; sourceTree = "<group>"; };
		C7D24EBB2C9CC28A0006B9EF /* button_click.mp3 */ = {isa = PBXFileReference; lastKnownFileType = audio.mp3; path = button_click.mp3; sourceTree = "<group>"; };
		C7D24EBD2C9CF93D0006B9EF /* background.jpg */ = {isa = PBXFileReference; lastKnownFileType = image.jpeg; path = background.jpg; sourceTree = "<group>"; };
		C7D24EC12C9E03020006B9EF /* Random Helper functions.swift */ = {isa = PBXFileReference; lastKnownFileType = sourcecode.swift; path = "Random Helper functions.swift"; sourceTree = "<group>"; };
		C7DDA4012C559E25005E6663 /* potion.png */ = {isa = PBXFileReference; lastKnownFileType = image.png; path = potion.png; sourceTree = "<group>"; };
		C7DDA4022C559E26005E6663 /* skull.png */ = {isa = PBXFileReference; lastKnownFileType = image.png; path = skull.png; sourceTree = "<group>"; };
		C7DDA4032C559E26005E6663 /* gem3.png */ = {isa = PBXFileReference; lastKnownFileType = image.png; path = gem3.png; sourceTree = "<group>"; };
		C7DDA4042C559E26005E6663 /* coin.png */ = {isa = PBXFileReference; lastKnownFileType = image.png; path = coin.png; sourceTree = "<group>"; };
		C7DDA4052C559E26005E6663 /* gem5.png */ = {isa = PBXFileReference; lastKnownFileType = image.png; path = gem5.png; sourceTree = "<group>"; };
		C7DDA4062C559E26005E6663 /* gem2.png */ = {isa = PBXFileReference; lastKnownFileType = image.png; path = gem2.png; sourceTree = "<group>"; };
		C7DDA4072C559E27005E6663 /* diamond.png */ = {isa = PBXFileReference; lastKnownFileType = image.png; path = diamond.png; sourceTree = "<group>"; };
		C7DDA4082C559E27005E6663 /* nugget.png */ = {isa = PBXFileReference; lastKnownFileType = image.png; path = nugget.png; sourceTree = "<group>"; };
		C7DDA4092C559E27005E6663 /* gem4.png */ = {isa = PBXFileReference; lastKnownFileType = image.png; path = gem4.png; sourceTree = "<group>"; };
		C7DDA4132C559ED0005E6663 /* gem1.png */ = {isa = PBXFileReference; lastKnownFileType = image.png; path = gem1.png; sourceTree = "<group>"; };
		C7EFD0DE2C51D5E000B883B4 /* backgroundORIG.jpg */ = {isa = PBXFileReference; lastKnownFileType = image.jpeg; path = backgroundORIG.jpg; sourceTree = "<group>"; };
		C7EFD0F22C54335100B883B4 /* TheRumIsGone.ttf */ = {isa = PBXFileReference; lastKnownFileType = file; path = TheRumIsGone.ttf; sourceTree = "<group>"; };
		C7EFD0F32C54338100B883B4 /* Info.plist */ = {isa = PBXFileReference; lastKnownFileType = text.plist; path = Info.plist; sourceTree = "<group>"; };
		C7EFD0F42C5433CE00B883B4 /* CustomFonts.swift */ = {isa = PBXFileReference; lastKnownFileType = sourcecode.swift; path = CustomFonts.swift; sourceTree = "<group>"; };
		C7EFD0F82C5463FE00B883B4 /* sand.png */ = {isa = PBXFileReference; lastKnownFileType = image.png; path = sand.png; sourceTree = "<group>"; };
		C7EFD0FA2C546D6200B883B4 /* trophy.png */ = {isa = PBXFileReference; lastKnownFileType = image.png; path = trophy.png; sourceTree = "<group>"; };
		C7F1BA9A2C767C18005CC0A4 /* sound_button.png */ = {isa = PBXFileReference; lastKnownFileType = image.png; path = sound_button.png; sourceTree = "<group>"; };
		C7F1BA9B2C767C19005CC0A4 /* settings_button.png */ = {isa = PBXFileReference; lastKnownFileType = image.png; path = settings_button.png; sourceTree = "<group>"; };
		C7F1BA9C2C767C19005CC0A4 /* rankings_button.png */ = {isa = PBXFileReference; lastKnownFileType = image.png; path = rankings_button.png; sourceTree = "<group>"; };
		C7F1BA9D2C767C19005CC0A4 /* music_button.png */ = {isa = PBXFileReference; lastKnownFileType = image.png; path = music_button.png; sourceTree = "<group>"; };
		C7F1BA9E2C767C19005CC0A4 /* vibrate_button.png */ = {isa = PBXFileReference; lastKnownFileType = image.png; path = vibrate_button.png; sourceTree = "<group>"; };
		C7F1BAA42C76A28D005CC0A4 /* AppStorageKey.swift */ = {isa = PBXFileReference; lastKnownFileType = sourcecode.swift; path = AppStorageKey.swift; sourceTree = "<group>"; };
		C7F1BAA62C76AC39005CC0A4 /* SoundManager.swift */ = {isa = PBXFileReference; lastKnownFileType = sourcecode.swift; path = SoundManager.swift; sourceTree = "<group>"; };
		C7F1BAA82C76AFCB005CC0A4 /* HapticsManager.swift */ = {isa = PBXFileReference; lastKnownFileType = sourcecode.swift; path = HapticsManager.swift; sourceTree = "<group>"; };
		C7F512ED2C6E7E96003315FF /* GameoverView.swift */ = {isa = PBXFileReference; lastKnownFileType = sourcecode.swift; path = GameoverView.swift; sourceTree = "<group>"; };
		C7F512F12C6E9FB7003315FF /* ButtonsAndMore.swift */ = {isa = PBXFileReference; lastKnownFileType = sourcecode.swift; path = ButtonsAndMore.swift; sourceTree = "<group>"; };
		C7FB00352C642BDE00C8AC70 /* scroll_top.png */ = {isa = PBXFileReference; lastKnownFileType = image.png; path = scroll_top.png; sourceTree = "<group>"; };
		C7FB00362C642BDF00C8AC70 /* scroll_middle.png */ = {isa = PBXFileReference; lastKnownFileType = image.png; path = scroll_middle.png; sourceTree = "<group>"; };
		C7FB00372C642BDF00C8AC70 /* scroll_bottom.png */ = {isa = PBXFileReference; lastKnownFileType = image.png; path = scroll_bottom.png; sourceTree = "<group>"; };
		C7FB00412C66A47B00C8AC70 /* PaperScroll.swift */ = {isa = PBXFileReference; lastKnownFileType = sourcecode.swift; path = PaperScroll.swift; sourceTree = "<group>"; };
		C7FB00432C66A71300C8AC70 /* Extensions.swift */ = {isa = PBXFileReference; lastKnownFileType = sourcecode.swift; path = Extensions.swift; sourceTree = "<group>"; };
		C7FB735C2C6C117000DC4DBB /* finger_touch.sks */ = {isa = PBXFileReference; lastKnownFileType = file.sks; path = finger_touch.sks; sourceTree = "<group>"; };
		C7FB735D2C6C117000DC4DBB /* merge.sks */ = {isa = PBXFileReference; lastKnownFileType = file.sks; path = merge.sks; sourceTree = "<group>"; };
		C7FB735E2C6C117000DC4DBB /* ripple_ring.png */ = {isa = PBXFileReference; lastKnownFileType = image.png; path = ripple_ring.png; sourceTree = "<group>"; };
/* End PBXFileReference section */

/* Begin PBXFrameworksBuildPhase section */
		C7CC62322C507A3E005D9F48 /* Frameworks */ = {
			isa = PBXFrameworksBuildPhase;
			buildActionMask = 2147483647;
			files = (
				C753C0C52CA4CFFE00B4F1A7 /* AppInfo in Frameworks */,
				C76F5B392C6FC63400F42E90 /* KGToolbelt in Frameworks */,
				C76F5B3C2C6FC65100F42E90 /* KGViews in Frameworks */,
			);
			runOnlyForDeploymentPostprocessing = 0;
		};
/* End PBXFrameworksBuildPhase section */

/* Begin PBXGroup section */
		C753C0C62CA4D62000B4F1A7 /* Models */ = {
			isa = PBXGroup;
			children = (
				C753C0C12CA4C10B00B4F1A7 /* DropObjectNode.swift */,
			);
			path = Models;
			sourceTree = "<group>";
		};
		C78A55CA2C602CB100630C56 /* Images */ = {
			isa = PBXGroup;
			children = (
				C7D24EBD2C9CF93D0006B9EF /* background.jpg */,
				C7F1BA9D2C767C19005CC0A4 /* music_button.png */,
				C7F1BA9C2C767C19005CC0A4 /* rankings_button.png */,
				C7F1BA9B2C767C19005CC0A4 /* settings_button.png */,
				C7F1BA9A2C767C18005CC0A4 /* sound_button.png */,
				C7F1BA9E2C767C19005CC0A4 /* vibrate_button.png */,
				C7EFD0DE2C51D5E000B883B4 /* backgroundORIG.jpg */,
				C7EFD0F82C5463FE00B883B4 /* sand.png */,
				C7EFD0FA2C546D6200B883B4 /* trophy.png */,
				C7FB00372C642BDF00C8AC70 /* scroll_bottom.png */,
				C7FB00362C642BDF00C8AC70 /* scroll_middle.png */,
				C7FB00352C642BDE00C8AC70 /* scroll_top.png */,
				C7DDA4042C559E26005E6663 /* coin.png */,
				C7DDA4132C559ED0005E6663 /* gem1.png */,
				C7DDA4062C559E26005E6663 /* gem2.png */,
				C7DDA4032C559E26005E6663 /* gem3.png */,
				C7DDA4092C559E27005E6663 /* gem4.png */,
				C7DDA4052C559E26005E6663 /* gem5.png */,
				C7DDA4072C559E27005E6663 /* diamond.png */,
				C7DDA4082C559E27005E6663 /* nugget.png */,
				C7DDA4012C559E25005E6663 /* potion.png */,
				C7DDA4022C559E26005E6663 /* skull.png */,
			);
			path = Images;
			sourceTree = "<group>";
		};
		C7CC622C2C507A3E005D9F48 = {
			isa = PBXGroup;
			children = (
				C7CC62372C507A3E005D9F48 /* BootyDrop */,
				C7CC62362C507A3E005D9F48 /* Products */,
			);
			sourceTree = "<group>";
		};
		C7CC62362C507A3E005D9F48 /* Products */ = {
			isa = PBXGroup;
			children = (
				C7CC62352C507A3E005D9F48 /* BootyDrop.app */,
			);
			name = Products;
			sourceTree = "<group>";
		};
		C7CC62372C507A3E005D9F48 /* BootyDrop */ = {
			isa = PBXGroup;
			children = (
				C753C0BA2CA485F100B4F1A7 /* TODOs.swift */,
				C7CC62382C507A3E005D9F48 /* BootyDropApp.swift */,
				C7CC62462C508459005D9F48 /* GameScene.swift */,
				C796E5632C6BE921002E0423 /* GameCenterManager.swift */,
				C7FB73592C6C10C500DC4DBB /* Views */,
				C753C0C62CA4D62000B4F1A7 /* Models */,
				C7FB735B2C6C110F00DC4DBB /* Helper Files */,
				C7FB735A2C6C10F600DC4DBB /* Font */,
				C78A55CA2C602CB100630C56 /* Images */,
				C7CC623C2C507A40005D9F48 /* Assets.xcassets */,
				C7EFD0F32C54338100B883B4 /* Info.plist */,
				C796E5622C6BE68E002E0423 /* BootyDrop.entitlements */,
				C7FB735C2C6C117000DC4DBB /* finger_touch.sks */,
				C7FB735D2C6C117000DC4DBB /* merge.sks */,
				C7FB735E2C6C117000DC4DBB /* ripple_ring.png */,
				C7CF22B22CD3F64100DA22C5 /* theme_song.mp3 */,
				C729AA242CA60FD50083557C /* welcome_music_effects.mp3 */,
				C7D24EB72C9B51690006B9EF /* theme_song.mp3 */,
				C7D24EB92C9CBD7B0006B9EF /* sound_effect_drop.mp3 */,
				C729AA232CA60FD50083557C /* sound_effect_merge.mp3 */,
				C7D24EBB2C9CC28A0006B9EF /* button_click.mp3 */,
				C7CC623E2C507A40005D9F48 /* Preview Content */,
			);
			path = BootyDrop;
			sourceTree = "<group>";
		};
		C7CC623E2C507A40005D9F48 /* Preview Content */ = {
			isa = PBXGroup;
			children = (
				C7CC623F2C507A40005D9F48 /* Preview Assets.xcassets */,
			);
			path = "Preview Content";
			sourceTree = "<group>";
		};
		C7FB00452C66A73400C8AC70 /* Components */ = {
			isa = PBXGroup;
			children = (
				C7FB00412C66A47B00C8AC70 /* PaperScroll.swift */,
				C7F512F12C6E9FB7003315FF /* ButtonsAndMore.swift */,
			);
			path = Components;
			sourceTree = "<group>";
		};
		C7FB73592C6C10C500DC4DBB /* Views */ = {
			isa = PBXGroup;
			children = (
				C729AA292CA737E60083557C /* WelcomeView.swift */,
				C7CC623A2C507A3E005D9F48 /* GameView.swift */,
				C78A55CB2C602F6700630C56 /* SettingView.swift */,
				C796E5602C683868002E0423 /* RankingsView.swift */,
				C7F512ED2C6E7E96003315FF /* GameoverView.swift */,
				C7FB00452C66A73400C8AC70 /* Components */,
			);
			path = Views;
			sourceTree = "<group>";
		};
		C7FB735A2C6C10F600DC4DBB /* Font */ = {
			isa = PBXGroup;
			children = (
				C7EFD0F22C54335100B883B4 /* TheRumIsGone.ttf */,
				C7EFD0F42C5433CE00B883B4 /* CustomFonts.swift */,
			);
			path = Font;
			sourceTree = "<group>";
		};
		C7FB735B2C6C110F00DC4DBB /* Helper Files */ = {
			isa = PBXGroup;
			children = (
				C7FB00432C66A71300C8AC70 /* Extensions.swift */,
				C7CC62592C50BAC6005D9F48 /* Shape.swift */,
				C7F1BAA42C76A28D005CC0A4 /* AppStorageKey.swift */,
				C7F1BAA62C76AC39005CC0A4 /* SoundManager.swift */,
				C7F1BAA82C76AFCB005CC0A4 /* HapticsManager.swift */,
				C7D24EC12C9E03020006B9EF /* Random Helper functions.swift */,
				C753C0BE2CA4BCD000B4F1A7 /* WindowSceneEnvironment.swift */,
			);
			path = "Helper Files";
			sourceTree = "<group>";
		};
/* End PBXGroup section */

/* Begin PBXNativeTarget section */
		C7CC62342C507A3E005D9F48 /* BootyDrop */ = {
			isa = PBXNativeTarget;
			buildConfigurationList = C7CC62432C507A40005D9F48 /* Build configuration list for PBXNativeTarget "BootyDrop" */;
			buildPhases = (
				C7CC62322C507A3E005D9F48 /* Frameworks */,
				C7CC62332C507A3E005D9F48 /* Resources */,
				C75850D62C6C27B9001C6A05 /* Sources */,
			);
			buildRules = (
			);
			dependencies = (
			);
			name = BootyDrop;
			packageProductDependencies = (
				C76F5B382C6FC63400F42E90 /* KGToolbelt */,
				C76F5B3B2C6FC65100F42E90 /* KGViews */,
				C753C0C42CA4CFFE00B4F1A7 /* AppInfo */,
			);
			productName = BootyDrop;
			productReference = C7CC62352C507A3E005D9F48 /* BootyDrop.app */;
			productType = "com.apple.product-type.application";
		};
/* End PBXNativeTarget section */

/* Begin PBXProject section */
		C7CC622D2C507A3E005D9F48 /* Project object */ = {
			isa = PBXProject;
			attributes = {
				BuildIndependentTargetsInParallel = 1;
				LastSwiftUpdateCheck = 1540;
				LastUpgradeCheck = 1540;
				TargetAttributes = {
					C7CC62342C507A3E005D9F48 = {
						CreatedOnToolsVersion = 15.4;
					};
				};
			};
			buildConfigurationList = C7CC62302C507A3E005D9F48 /* Build configuration list for PBXProject "BootyDrop" */;
			compatibilityVersion = "Xcode 14.0";
			developmentRegion = en;
			hasScannedForEncodings = 0;
			knownRegions = (
				en,
				Base,
			);
			mainGroup = C7CC622C2C507A3E005D9F48;
			packageReferences = (
				C76F5B372C6FC63400F42E90 /* XCRemoteSwiftPackageReference "KGToolbelt" */,
				C76F5B3A2C6FC65100F42E90 /* XCRemoteSwiftPackageReference "KGViews" */,
				C753C0C32CA4CFFE00B4F1A7 /* XCRemoteSwiftPackageReference "AppInfo" */,
			);
			productRefGroup = C7CC62362C507A3E005D9F48 /* Products */;
			projectDirPath = "";
			projectRoot = "";
			targets = (
				C7CC62342C507A3E005D9F48 /* BootyDrop */,
			);
		};
/* End PBXProject section */

/* Begin PBXResourcesBuildPhase section */
		C7CC62332C507A3E005D9F48 /* Resources */ = {
			isa = PBXResourcesBuildPhase;
			buildActionMask = 2147483647;
			files = (
				C7CC62402C507A40005D9F48 /* Preview Assets.xcassets in Resources */,
				C7DDA40A2C559E27005E6663 /* potion.png in Resources */,
				C7FB00382C642BDF00C8AC70 /* scroll_top.png in Resources */,
				C7D24EBE2C9CF93D0006B9EF /* background.jpg in Resources */,
				C7F1BAA22C767C19005CC0A4 /* music_button.png in Resources */,
				C7DDA4112C559E27005E6663 /* nugget.png in Resources */,
				C7DDA40F2C559E27005E6663 /* gem2.png in Resources */,
				C7FB73612C6C117000DC4DBB /* ripple_ring.png in Resources */,
				C7EFD0FB2C546D6200B883B4 /* trophy.png in Resources */,
				C7DDA40D2C559E27005E6663 /* coin.png in Resources */,
				C7FB735F2C6C117000DC4DBB /* finger_touch.sks in Resources */,
				C7DDA4142C559ED0005E6663 /* gem1.png in Resources */,
				C7EFD0F72C543A3300B883B4 /* TheRumIsGone.ttf in Resources */,
				C7DDA4102C559E27005E6663 /* diamond.png in Resources */,
				C7DDA4122C559E27005E6663 /* gem4.png in Resources */,
				C7CC623D2C507A40005D9F48 /* Assets.xcassets in Resources */,
				C7F1BAA02C767C19005CC0A4 /* settings_button.png in Resources */,
				C7DDA40C2C559E27005E6663 /* gem3.png in Resources */,
				C7CF22B32CD3F64100DA22C5 /* theme_song.mp3 in Resources */,
				C7F1BAA32C767C19005CC0A4 /* vibrate_button.png in Resources */,
				C7DDA40B2C559E27005E6663 /* skull.png in Resources */,
				C7F1BAA12C767C19005CC0A4 /* rankings_button.png in Resources */,
				C7D24EBC2C9CC28A0006B9EF /* button_click.mp3 in Resources */,
				C7F1BA9F2C767C19005CC0A4 /* sound_button.png in Resources */,
				C7EFD0F92C5463FE00B883B4 /* sand.png in Resources */,
				C7FB00392C642BDF00C8AC70 /* scroll_middle.png in Resources */,
				C729AA252CA60FD50083557C /* welcome_music_effects.mp3 in Resources */,
				C729AA262CA60FD50083557C /* sound_effect_merge.mp3 in Resources */,
				C7FB003A2C642BDF00C8AC70 /* scroll_bottom.png in Resources */,
				C7EFD0DF2C51D5E000B883B4 /* backgroundORIG.jpg in Resources */,
				C7FB73602C6C117000DC4DBB /* merge.sks in Resources */,
				C7D24EBA2C9CBD7B0006B9EF /* sound_effect_drop.mp3 in Resources */,
				C7DDA40E2C559E27005E6663 /* gem5.png in Resources */,
			);
			runOnlyForDeploymentPostprocessing = 0;
		};
/* End PBXResourcesBuildPhase section */

/* Begin PBXSourcesBuildPhase section */
		C75850D62C6C27B9001C6A05 /* Sources */ = {
			isa = PBXSourcesBuildPhase;
			buildActionMask = 2147483647;
			files = (
				C75850E02C6C2836001C6A05 /* Shape.swift in Sources */,
				C7F512EE2C6E7E96003315FF /* GameoverView.swift in Sources */,
				C753C0BB2CA485F700B4F1A7 /* TODOs.swift in Sources */,
				C7F512F22C6E9FB7003315FF /* ButtonsAndMore.swift in Sources */,
				C753C0BF2CA4BCD000B4F1A7 /* WindowSceneEnvironment.swift in Sources */,
				C7F1BAA92C76AFCB005CC0A4 /* HapticsManager.swift in Sources */,
				C75850D72C6C27DC001C6A05 /* BootyDropApp.swift in Sources */,
				C7F1BAA52C76A28D005CC0A4 /* AppStorageKey.swift in Sources */,
				C7F1BAA72C76AC39005CC0A4 /* SoundManager.swift in Sources */,
				C75850D82C6C27DC001C6A05 /* GameScene.swift in Sources */,
				C75850D92C6C27DC001C6A05 /* GameCenterManager.swift in Sources */,
				C75850DA2C6C27DC001C6A05 /* GameView.swift in Sources */,
				C753C0C22CA4C10B00B4F1A7 /* DropObjectNode.swift in Sources */,
				C7D24EC22C9E03020006B9EF /* Random Helper functions.swift in Sources */,
				C75850DB2C6C27DC001C6A05 /* RankingsView.swift in Sources */,
				C75850DC2C6C27DC001C6A05 /* SettingView.swift in Sources */,
				C729AA2A2CA737E60083557C /* WelcomeView.swift in Sources */,
				C75850DD2C6C27DC001C6A05 /* PaperScroll.swift in Sources */,
				C75850DE2C6C27DC001C6A05 /* Extensions.swift in Sources */,
				C75850DF2C6C27DC001C6A05 /* CustomFonts.swift in Sources */,
			);
			runOnlyForDeploymentPostprocessing = 0;
		};
/* End PBXSourcesBuildPhase section */

/* Begin XCBuildConfiguration section */
		C7CC62412C507A40005D9F48 /* Debug */ = {
			isa = XCBuildConfiguration;
			buildSettings = {
				ALWAYS_SEARCH_USER_PATHS = NO;
				ASSETCATALOG_COMPILER_GENERATE_SWIFT_ASSET_SYMBOL_EXTENSIONS = YES;
				CLANG_ANALYZER_NONNULL = YES;
				CLANG_ANALYZER_NUMBER_OBJECT_CONVERSION = YES_AGGRESSIVE;
				CLANG_CXX_LANGUAGE_STANDARD = "gnu++20";
				CLANG_ENABLE_MODULES = YES;
				CLANG_ENABLE_OBJC_ARC = YES;
				CLANG_ENABLE_OBJC_WEAK = YES;
				CLANG_WARN_BLOCK_CAPTURE_AUTORELEASING = YES;
				CLANG_WARN_BOOL_CONVERSION = YES;
				CLANG_WARN_COMMA = YES;
				CLANG_WARN_CONSTANT_CONVERSION = YES;
				CLANG_WARN_DEPRECATED_OBJC_IMPLEMENTATIONS = YES;
				CLANG_WARN_DIRECT_OBJC_ISA_USAGE = YES_ERROR;
				CLANG_WARN_DOCUMENTATION_COMMENTS = YES;
				CLANG_WARN_EMPTY_BODY = YES;
				CLANG_WARN_ENUM_CONVERSION = YES;
				CLANG_WARN_INFINITE_RECURSION = YES;
				CLANG_WARN_INT_CONVERSION = YES;
				CLANG_WARN_NON_LITERAL_NULL_CONVERSION = YES;
				CLANG_WARN_OBJC_IMPLICIT_RETAIN_SELF = YES;
				CLANG_WARN_OBJC_LITERAL_CONVERSION = YES;
				CLANG_WARN_OBJC_ROOT_CLASS = YES_ERROR;
				CLANG_WARN_QUOTED_INCLUDE_IN_FRAMEWORK_HEADER = YES;
				CLANG_WARN_RANGE_LOOP_ANALYSIS = YES;
				CLANG_WARN_STRICT_PROTOTYPES = YES;
				CLANG_WARN_SUSPICIOUS_MOVE = YES;
				CLANG_WARN_UNGUARDED_AVAILABILITY = YES_AGGRESSIVE;
				CLANG_WARN_UNREACHABLE_CODE = YES;
				CLANG_WARN__DUPLICATE_METHOD_MATCH = YES;
				COPY_PHASE_STRIP = NO;
				DEBUG_INFORMATION_FORMAT = dwarf;
				ENABLE_STRICT_OBJC_MSGSEND = YES;
				ENABLE_TESTABILITY = YES;
				ENABLE_USER_SCRIPT_SANDBOXING = YES;
				GCC_C_LANGUAGE_STANDARD = gnu17;
				GCC_DYNAMIC_NO_PIC = NO;
				GCC_NO_COMMON_BLOCKS = YES;
				GCC_OPTIMIZATION_LEVEL = 0;
				GCC_PREPROCESSOR_DEFINITIONS = (
					"DEBUG=1",
					"$(inherited)",
				);
				GCC_WARN_64_TO_32_BIT_CONVERSION = YES;
				GCC_WARN_ABOUT_RETURN_TYPE = YES_ERROR;
				GCC_WARN_UNDECLARED_SELECTOR = YES;
				GCC_WARN_UNINITIALIZED_AUTOS = YES_AGGRESSIVE;
				GCC_WARN_UNUSED_FUNCTION = YES;
				GCC_WARN_UNUSED_VARIABLE = YES;
				IPHONEOS_DEPLOYMENT_TARGET = 17.5;
				LOCALIZATION_PREFERS_STRING_CATALOGS = YES;
				MTL_ENABLE_DEBUG_INFO = INCLUDE_SOURCE;
				MTL_FAST_MATH = YES;
				ONLY_ACTIVE_ARCH = YES;
				SDKROOT = iphoneos;
				SWIFT_ACTIVE_COMPILATION_CONDITIONS = "DEBUG $(inherited)";
				SWIFT_OPTIMIZATION_LEVEL = "-Onone";
			};
			name = Debug;
		};
		C7CC62422C507A40005D9F48 /* Release */ = {
			isa = XCBuildConfiguration;
			buildSettings = {
				ALWAYS_SEARCH_USER_PATHS = NO;
				ASSETCATALOG_COMPILER_GENERATE_SWIFT_ASSET_SYMBOL_EXTENSIONS = YES;
				CLANG_ANALYZER_NONNULL = YES;
				CLANG_ANALYZER_NUMBER_OBJECT_CONVERSION = YES_AGGRESSIVE;
				CLANG_CXX_LANGUAGE_STANDARD = "gnu++20";
				CLANG_ENABLE_MODULES = YES;
				CLANG_ENABLE_OBJC_ARC = YES;
				CLANG_ENABLE_OBJC_WEAK = YES;
				CLANG_WARN_BLOCK_CAPTURE_AUTORELEASING = YES;
				CLANG_WARN_BOOL_CONVERSION = YES;
				CLANG_WARN_COMMA = YES;
				CLANG_WARN_CONSTANT_CONVERSION = YES;
				CLANG_WARN_DEPRECATED_OBJC_IMPLEMENTATIONS = YES;
				CLANG_WARN_DIRECT_OBJC_ISA_USAGE = YES_ERROR;
				CLANG_WARN_DOCUMENTATION_COMMENTS = YES;
				CLANG_WARN_EMPTY_BODY = YES;
				CLANG_WARN_ENUM_CONVERSION = YES;
				CLANG_WARN_INFINITE_RECURSION = YES;
				CLANG_WARN_INT_CONVERSION = YES;
				CLANG_WARN_NON_LITERAL_NULL_CONVERSION = YES;
				CLANG_WARN_OBJC_IMPLICIT_RETAIN_SELF = YES;
				CLANG_WARN_OBJC_LITERAL_CONVERSION = YES;
				CLANG_WARN_OBJC_ROOT_CLASS = YES_ERROR;
				CLANG_WARN_QUOTED_INCLUDE_IN_FRAMEWORK_HEADER = YES;
				CLANG_WARN_RANGE_LOOP_ANALYSIS = YES;
				CLANG_WARN_STRICT_PROTOTYPES = YES;
				CLANG_WARN_SUSPICIOUS_MOVE = YES;
				CLANG_WARN_UNGUARDED_AVAILABILITY = YES_AGGRESSIVE;
				CLANG_WARN_UNREACHABLE_CODE = YES;
				CLANG_WARN__DUPLICATE_METHOD_MATCH = YES;
				COPY_PHASE_STRIP = NO;
				DEBUG_INFORMATION_FORMAT = "dwarf-with-dsym";
				ENABLE_NS_ASSERTIONS = NO;
				ENABLE_STRICT_OBJC_MSGSEND = YES;
				ENABLE_USER_SCRIPT_SANDBOXING = YES;
				GCC_C_LANGUAGE_STANDARD = gnu17;
				GCC_NO_COMMON_BLOCKS = YES;
				GCC_WARN_64_TO_32_BIT_CONVERSION = YES;
				GCC_WARN_ABOUT_RETURN_TYPE = YES_ERROR;
				GCC_WARN_UNDECLARED_SELECTOR = YES;
				GCC_WARN_UNINITIALIZED_AUTOS = YES_AGGRESSIVE;
				GCC_WARN_UNUSED_FUNCTION = YES;
				GCC_WARN_UNUSED_VARIABLE = YES;
				IPHONEOS_DEPLOYMENT_TARGET = 17.5;
				LOCALIZATION_PREFERS_STRING_CATALOGS = YES;
				MTL_ENABLE_DEBUG_INFO = NO;
				MTL_FAST_MATH = YES;
				SDKROOT = iphoneos;
				SWIFT_COMPILATION_MODE = wholemodule;
				VALIDATE_PRODUCT = YES;
			};
			name = Release;
		};
		C7CC62442C507A40005D9F48 /* Debug */ = {
			isa = XCBuildConfiguration;
			buildSettings = {
				ASSETCATALOG_COMPILER_APPICON_NAME = AppIcon;
				ASSETCATALOG_COMPILER_GLOBAL_ACCENT_COLOR_NAME = AccentColor;
				CODE_SIGN_ENTITLEMENTS = BootyDrop/BootyDrop.entitlements;
				CODE_SIGN_STYLE = Automatic;
				CURRENT_PROJECT_VERSION = 1;
				DEVELOPMENT_ASSET_PATHS = "\"BootyDrop/Preview Content\"";
				DEVELOPMENT_TEAM = KY6DPH5Y6J;
				ENABLE_PREVIEWS = YES;
				GENERATE_INFOPLIST_FILE = YES;
				INFOPLIST_FILE = BootyDrop/Info.plist;
				INFOPLIST_KEY_LSApplicationCategoryType = "public.app-category.puzzle-games";
				INFOPLIST_KEY_UIApplicationSceneManifest_Generation = YES;
				INFOPLIST_KEY_UIApplicationSupportsIndirectInputEvents = YES;
				INFOPLIST_KEY_UILaunchScreen_Generation = YES;
				INFOPLIST_KEY_UIRequiresFullScreen = YES;
				INFOPLIST_KEY_UISupportedInterfaceOrientations = "UIInterfaceOrientationPortrait UIInterfaceOrientationPortraitUpsideDown";
				LD_RUNPATH_SEARCH_PATHS = (
					"$(inherited)",
					"@executable_path/Frameworks",
				);
				MARKETING_VERSION = 1.0;
				PRODUCT_BUNDLE_IDENTIFIER = com.kevinGreen.BootyDrop;
				PRODUCT_NAME = "$(TARGET_NAME)";
				SWIFT_EMIT_LOC_STRINGS = YES;
				SWIFT_VERSION = 5.0;
				TARGETED_DEVICE_FAMILY = "1,2";
			};
			name = Debug;
		};
		C7CC62452C507A40005D9F48 /* Release */ = {
			isa = XCBuildConfiguration;
			buildSettings = {
				ASSETCATALOG_COMPILER_APPICON_NAME = AppIcon;
				ASSETCATALOG_COMPILER_GLOBAL_ACCENT_COLOR_NAME = AccentColor;
				CODE_SIGN_ENTITLEMENTS = BootyDrop/BootyDrop.entitlements;
				CODE_SIGN_STYLE = Automatic;
				CURRENT_PROJECT_VERSION = 1;
				DEVELOPMENT_ASSET_PATHS = "\"BootyDrop/Preview Content\"";
				DEVELOPMENT_TEAM = KY6DPH5Y6J;
				ENABLE_PREVIEWS = YES;
				GENERATE_INFOPLIST_FILE = YES;
				INFOPLIST_FILE = BootyDrop/Info.plist;
				INFOPLIST_KEY_LSApplicationCategoryType = "public.app-category.puzzle-games";
				INFOPLIST_KEY_UIApplicationSceneManifest_Generation = YES;
				INFOPLIST_KEY_UIApplicationSupportsIndirectInputEvents = YES;
				INFOPLIST_KEY_UILaunchScreen_Generation = YES;
				INFOPLIST_KEY_UIRequiresFullScreen = YES;
				INFOPLIST_KEY_UISupportedInterfaceOrientations = "UIInterfaceOrientationPortrait UIInterfaceOrientationPortraitUpsideDown";
				LD_RUNPATH_SEARCH_PATHS = (
					"$(inherited)",
					"@executable_path/Frameworks",
				);
				MARKETING_VERSION = 1.0;
				PRODUCT_BUNDLE_IDENTIFIER = com.kevinGreen.BootyDrop;
				PRODUCT_NAME = "$(TARGET_NAME)";
				SWIFT_EMIT_LOC_STRINGS = YES;
				SWIFT_VERSION = 5.0;
				TARGETED_DEVICE_FAMILY = "1,2";
			};
			name = Release;
		};
/* End XCBuildConfiguration section */

/* Begin XCConfigurationList section */
		C7CC62302C507A3E005D9F48 /* Build configuration list for PBXProject "BootyDrop" */ = {
			isa = XCConfigurationList;
			buildConfigurations = (
				C7CC62412C507A40005D9F48 /* Debug */,
				C7CC62422C507A40005D9F48 /* Release */,
			);
			defaultConfigurationIsVisible = 0;
			defaultConfigurationName = Release;
		};
		C7CC62432C507A40005D9F48 /* Build configuration list for PBXNativeTarget "BootyDrop" */ = {
			isa = XCConfigurationList;
			buildConfigurations = (
				C7CC62442C507A40005D9F48 /* Debug */,
				C7CC62452C507A40005D9F48 /* Release */,
			);
			defaultConfigurationIsVisible = 0;
			defaultConfigurationName = Release;
		};
/* End XCConfigurationList section */

/* Begin XCRemoteSwiftPackageReference section */
		C753C0C32CA4CFFE00B4F1A7 /* XCRemoteSwiftPackageReference "AppInfo" */ = {
			isa = XCRemoteSwiftPackageReference;
			repositoryURL = "https://github.com/kevingreen22/AppInfo";
			requirement = {
				kind = upToNextMajorVersion;
				minimumVersion = 1.0.2;
			};
		};
		C76F5B372C6FC63400F42E90 /* XCRemoteSwiftPackageReference "KGToolbelt" */ = {
			isa = XCRemoteSwiftPackageReference;
			repositoryURL = "https://github.com/kevingreen22/KGToolbelt";
			requirement = {
				kind = upToNextMajorVersion;
				minimumVersion = 1.0.4;
			};
		};
		C76F5B3A2C6FC65100F42E90 /* XCRemoteSwiftPackageReference "KGViews" */ = {
			isa = XCRemoteSwiftPackageReference;
			repositoryURL = "https://github.com/kevingreen22/KGViews";
			requirement = {
				kind = upToNextMajorVersion;
				minimumVersion = 1.1.0;
			};
		};
/* End XCRemoteSwiftPackageReference section */

/* Begin XCSwiftPackageProductDependency section */
		C753C0C42CA4CFFE00B4F1A7 /* AppInfo */ = {
			isa = XCSwiftPackageProductDependency;
			package = C753C0C32CA4CFFE00B4F1A7 /* XCRemoteSwiftPackageReference "AppInfo" */;
			productName = AppInfo;
		};
		C76F5B382C6FC63400F42E90 /* KGToolbelt */ = {
			isa = XCSwiftPackageProductDependency;
			package = C76F5B372C6FC63400F42E90 /* XCRemoteSwiftPackageReference "KGToolbelt" */;
			productName = KGToolbelt;
		};
		C76F5B3B2C6FC65100F42E90 /* KGViews */ = {
			isa = XCSwiftPackageProductDependency;
			package = C76F5B3A2C6FC65100F42E90 /* XCRemoteSwiftPackageReference "KGViews" */;
			productName = KGViews;
		};
/* End XCSwiftPackageProductDependency section */
	};
	rootObject = C7CC622D2C507A3E005D9F48 /* Project object */;
}
